
Microsoft Visual Studio Solution File, Format Version 12.00
# Visual Studio Version 17
VisualStudioVersion = 17.7.34024.191
MinimumVisualStudioVersion = 10.0.40219.1
Project("{FAE04EC0-301F-11D3-BF4B-00C04F79EFBC}") = "Practice2", "Practice2\Practice2.csproj", "{A27227F4-B0D5-4198-85A9-763BE63B8E6C}"
EndProject
Global
	GlobalSection(SolutionConfigurationPlatforms) = preSolution
		Debug|Any CPU = Debug|Any CPU
		Release|Any CPU = Release|Any CPU
	EndGlobalSection
	GlobalSection(ProjectConfigurationPlatforms) = postSolution
		{A27227F4-B0D5-4198-85A9-763BE63B8E6C}.Debug|Any CPU.ActiveCfg = Debug|Any CPU
		{A27227F4-B0D5-4198-85A9-763BE63B8E6C}.Debug|Any CPU.Build.0 = Debug|Any CPU
		{A27227F4-B0D5-4198-85A9-763BE63B8E6C}.Release|Any CPU.ActiveCfg = Release|Any CPU
		{A27227F4-B0D5-4198-85A9-763BE63B8E6C}.Release|Any CPU.Build.0 = Release|Any CPU
	EndGlobalSection
	GlobalSection(SolutionProperties) = preSolution
		HideSolutionNode = FALSE
	EndGlobalSection
	GlobalSection(ExtensibilityGlobals) = postSolution
		SolutionGuid = {70CAB283-CC59-4C07-A800-58B3B317E25A}
	EndGlobalSection
EndGlobal
